
Microsoft Visual Studio Solution File, Format Version 12.00
# Visual Studio Version 16
VisualStudioVersion = 16.0.29911.84
MinimumVisualStudioVersion = 10.0.40219.1
Project("{FAE04EC0-301F-11D3-BF4B-00C04F79EFBC}") = "MiniViewerWrapper", "MiniViewerWrapper\MiniViewerWrapper.csproj", "{31FDA007-0129-4A79-A311-7603EACCD025}"
EndProject
Global
	GlobalSection(SolutionConfigurationPlatforms) = preSolution
		Debug|Any CPU = Debug|Any CPU
		Release|Any CPU = Release|Any CPU
	EndGlobalSection
	GlobalSection(ProjectConfigurationPlatforms) = postSolution
		{31FDA007-0129-4A79-A311-7603EACCD025}.Debug|Any CPU.ActiveCfg = Debug|Any CPU
		{31FDA007-0129-4A79-A311-7603EACCD025}.Debug|Any CPU.Build.0 = Debug|Any CPU
		{31FDA007-0129-4A79-A311-7603EACCD025}.Release|Any CPU.ActiveCfg = Release|Any CPU
		{31FDA007-0129-4A79-A311-7603EACCD025}.Release|Any CPU.Build.0 = Release|Any CPU
	EndGlobalSection
	GlobalSection(SolutionProperties) = preSolution
		HideSolutionNode = FALSE
	EndGlobalSection
	GlobalSection(ExtensibilityGlobals) = postSolution
		SolutionGuid = {52A9B35F-2D93-4BDF-A659-A4AFEB51E2D8}
	EndGlobalSection
EndGlobal
